{
    "_readme": [
        "This file locks the dependencies of your project to a known state",
        "Read more about it at https://getcomposer.org/doc/01-basic-usage.md#installing-dependencies",
        "This file is @generated automatically"
    ],
    "content-hash": "596a84b7fc85678ab18bf8b5a62a7ed2",
    "packages": [
        {
            "name": "doctrine/inflector",
            "version": "1.4.x-dev",
            "source": {
                "type": "git",
                "url": "https://github.com/doctrine/inflector.git",
                "reference": "319a8e5f362b0d22d487194c0349eed59ee0ba37"
            },
            "dist": {
                "type": "zip",
                "url": "https://api.github.com/repos/doctrine/inflector/zipball/319a8e5f362b0d22d487194c0349eed59ee0ba37",
                "reference": "319a8e5f362b0d22d487194c0349eed59ee0ba37",
                "shasum": ""
            },
            "require": {
                "php": "^7.2 || ^8.0"
            },
            "require-dev": {
                "doctrine/coding-standard": "^7.0",
                "phpstan/phpstan": "^0.11",
                "phpstan/phpstan-phpunit": "^0.11",
                "phpstan/phpstan-strict-rules": "^0.11",
                "phpunit/phpunit": "^7.0 || ^8.0 || ^9.0"
            },
            "type": "library",
            "extra": {
                "branch-alias": {
                    "dev-master": "2.0.x-dev"
                }
            },
            "autoload": {
                "psr-4": {
                    "Doctrine\\Common\\Inflector\\": "lib/Doctrine/Common/Inflector",
                    "Doctrine\\Inflector\\": "lib/Doctrine/Inflector"
                }
            },
            "notification-url": "https://packagist.org/downloads/",
            "license": [
                "MIT"
            ],
            "authors": [
                {
                    "name": "Guilherme Blanco",
                    "email": "guilhermeblanco@gmail.com"
                },
                {
                    "name": "Roman Borschel",
                    "email": "roman@code-factory.org"
                },
                {
                    "name": "Benjamin Eberlei",
                    "email": "kontakt@beberlei.de"
                },
                {
                    "name": "Jonathan Wage",
                    "email": "jonwage@gmail.com"
                },
                {
                    "name": "Johannes Schmitt",
                    "email": "schmittjoh@gmail.com"
                }
            ],
            "description": "PHP Doctrine Inflector is a small library that can perform string manipulations with regard to upper/lowercase and singular/plural forms of words.",
            "homepage": "https://www.doctrine-project.org/projects/inflector.html",
            "keywords": [
                "inflection",
                "inflector",
                "lowercase",
                "manipulation",
                "php",
                "plural",
                "singular",
                "strings",
                "uppercase",
                "words"
            ],
            "support": {
                "issues": "https://github.com/doctrine/inflector/issues",
                "source": "https://github.com/doctrine/inflector/tree/1.4.x"
            },
            "funding": [
                {
                    "url": "https://www.doctrine-project.org/sponsorship.html",
                    "type": "custom"
                },
                {
                    "url": "https://www.patreon.com/phpdoctrine",
                    "type": "patreon"
                },
                {
                    "url": "https://tidelift.com/funding/github/packagist/doctrine%2Finflector",
                    "type": "tidelift"
                }
            ],
            "time": "2020-09-26T19:41:29+00:00"
        },
        {
            "name": "evenement/evenement",
            "version": "v2.1.0",
            "source": {
                "type": "git",
                "url": "https://github.com/igorw/evenement.git",
                "reference": "6ba9a777870ab49f417e703229d53931ed40fd7a"
            },
            "dist": {
                "type": "zip",
                "url": "https://api.github.com/repos/igorw/evenement/zipball/6ba9a777870ab49f417e703229d53931ed40fd7a",
                "reference": "6ba9a777870ab49f417e703229d53931ed40fd7a",
                "shasum": ""
            },
            "require": {
                "php": ">=5.4.0"
            },
            "require-dev": {
                "phpunit/phpunit": "^6.0||^5.7||^4.8.35"
            },
            "type": "library",
            "extra": {
                "branch-alias": {
                    "dev-master": "2.0-dev"
                }
            },
            "autoload": {
                "psr-0": {
                    "Evenement": "src"
                }
            },
            "notification-url": "https://packagist.org/downloads/",
            "license": [
                "MIT"
            ],
            "authors": [
                {
                    "name": "Igor Wiedler",
                    "email": "igor@wiedler.ch"
                }
            ],
            "description": "Événement is a very simple event dispatching library for PHP",
            "keywords": [
                "event-dispatcher",
                "event-emitter"
            ],
            "support": {
                "issues": "https://github.com/igorw/evenement/issues",
                "source": "https://github.com/igorw/evenement/tree/master"
            },
            "time": "2017-07-17T17:39:19+00:00"
        },
        {
            "name": "indigophp/hash-compat",
            "version": "dev-master",
            "source": {
                "type": "git",
                "url": "https://github.com/indigophp/hash-compat.git",
                "reference": "43a19f42093a0cd2d11874dff9d891027fc42214"
            },
            "dist": {
                "type": "zip",
                "url": "https://api.github.com/repos/indigophp/hash-compat/zipball/43a19f42093a0cd2d11874dff9d891027fc42214",
                "reference": "43a19f42093a0cd2d11874dff9d891027fc42214",
                "shasum": ""
            },
            "require": {
                "php": ">=5.3"
            },
            "require-dev": {
                "phpunit/phpunit": "~4.4"
            },
            "default-branch": true,
            "type": "library",
            "extra": {
                "branch-alias": {
                    "dev-master": "1.2-dev"
                }
            },
            "autoload": {
                "files": [
                    "src/hash_equals.php",
                    "src/hash_pbkdf2.php"
                ]
            },
            "notification-url": "https://packagist.org/downloads/",
            "license": [
                "MIT"
            ],
            "authors": [
                {
                    "name": "Márk Sági-Kazár",
                    "email": "mark.sagikazar@gmail.com"
                }
            ],
            "description": "Backports hash_* functionality to older PHP versions",
            "homepage": "https://indigophp.com",
            "keywords": [
                "hash",
                "hash_equals",
                "hash_pbkdf2"
            ],
            "support": {
                "issues": "https://github.com/indigophp/hash-compat/issues",
                "source": "https://github.com/indigophp/hash-compat/tree/v1.1.0"
            },
            "time": "2015-08-22T07:03:35+00:00"
        },
        {
            "name": "react/child-process",
            "version": "v0.4.3",
            "source": {
                "type": "git",
                "url": "https://github.com/reactphp/child-process.git",
                "reference": "b81d06daaafb5d7d592b6f7f8b1b7905cdef9ac6"
            },
            "dist": {
                "type": "zip",
                "url": "https://api.github.com/repos/reactphp/child-process/zipball/b81d06daaafb5d7d592b6f7f8b1b7905cdef9ac6",
                "reference": "b81d06daaafb5d7d592b6f7f8b1b7905cdef9ac6",
                "shasum": ""
            },
            "require": {
                "evenement/evenement": "^2.0 || ^1.0",
                "php": ">=5.3.0",
                "react/event-loop": "^0.4 || ^0.3",
                "react/stream": "^0.5 || ^0.4.4"
            },
            "require-dev": {
                "phpunit/phpunit": "^5.0 || ^4.8.10",
                "sebastian/environment": "~1.0"
            },
            "type": "library",
            "autoload": {
                "psr-4": {
                    "React\\ChildProcess\\": "src"
                }
            },
            "notification-url": "https://packagist.org/downloads/",
            "license": [
                "MIT"
            ],
            "description": "Library for executing child processes.",
            "keywords": [
                "process"
            ],
            "support": {
                "issues": "https://github.com/reactphp/child-process/issues",
                "source": "https://github.com/reactphp/child-process/tree/v0.4.3"
            },
            "time": "2017-03-14T13:23:20+00:00"
        },
        {
            "name": "react/event-loop",
            "version": "0.4.x-dev",
            "source": {
                "type": "git",
                "url": "https://github.com/reactphp/event-loop.git",
                "reference": "8bde03488ee897dc6bb3d91e4e17c353f9c5252f"
            },
            "dist": {
                "type": "zip",
                "url": "https://api.github.com/repos/reactphp/event-loop/zipball/8bde03488ee897dc6bb3d91e4e17c353f9c5252f",
                "reference": "8bde03488ee897dc6bb3d91e4e17c353f9c5252f",
                "shasum": ""
            },
            "require": {
                "php": ">=5.4.0"
            },
            "require-dev": {
                "phpunit/phpunit": "~4.8"
            },
            "suggest": {
                "ext-event": "~1.0",
                "ext-libev": "*",
                "ext-libevent": ">=0.1.0"
            },
            "type": "library",
            "autoload": {
                "psr-4": {
                    "React\\EventLoop\\": "src"
                }
            },
            "notification-url": "https://packagist.org/downloads/",
            "license": [
                "MIT"
            ],
            "description": "Event loop abstraction layer that libraries can use for evented I/O.",
            "keywords": [
                "asynchronous",
                "event-loop"
            ],
            "support": {
                "issues": "https://github.com/reactphp/event-loop/issues",
                "source": "https://github.com/reactphp/event-loop/tree/0.4"
            },
            "time": "2017-04-27T10:56:23+00:00"
        },
        {
            "name": "react/promise",
            "version": "2.x-dev",
            "source": {
                "type": "git",
                "url": "https://github.com/reactphp/promise.git",
                "reference": "a9752a861e21c0fe0b380c9f9e55beddc0ed7d31"
            },
            "dist": {
                "type": "zip",
                "url": "https://api.github.com/repos/reactphp/promise/zipball/a9752a861e21c0fe0b380c9f9e55beddc0ed7d31",
                "reference": "a9752a861e21c0fe0b380c9f9e55beddc0ed7d31",
                "shasum": ""
            },
            "require": {
                "php": ">=5.4.0"
            },
            "require-dev": {
                "phpunit/phpunit": "^9.3 || ^5.7 || ^4.8.36"
            },
            "type": "library",
            "autoload": {
                "psr-4": {
                    "React\\Promise\\": "src/"
                },
                "files": [
                    "src/functions_include.php"
                ]
            },
            "notification-url": "https://packagist.org/downloads/",
            "license": [
                "MIT"
            ],
            "authors": [
                {
                    "name": "Jan Sorgalla",
                    "email": "jsorgalla@gmail.com"
                }
            ],
            "description": "A lightweight implementation of CommonJS Promises/A for PHP",
            "keywords": [
                "promise",
                "promises"
            ],
            "support": {
                "issues": "https://github.com/reactphp/promise/issues",
                "source": "https://github.com/reactphp/promise/tree/2.x"
            },
            "funding": [
                {
                    "url": "https://github.com/WyriHaximus",
                    "type": "github"
                },
                {
                    "url": "https://github.com/clue",
                    "type": "github"
                }
            ],
            "time": "2021-02-09T15:06:50+00:00"
        },
        {
            "name": "react/stream",
            "version": "v0.5.0",
            "source": {
                "type": "git",
                "url": "https://github.com/reactphp/stream.git",
                "reference": "6ccc4bd601e362aebfe5f449411a08b5f38b229d"
            },
            "dist": {
                "type": "zip",
                "url": "https://api.github.com/repos/reactphp/stream/zipball/6ccc4bd601e362aebfe5f449411a08b5f38b229d",
                "reference": "6ccc4bd601e362aebfe5f449411a08b5f38b229d",
                "shasum": ""
            },
            "require": {
                "evenement/evenement": "^2.0|^1.0",
                "php": ">=5.3.8"
            },
            "require-dev": {
                "clue/stream-filter": "~1.2",
                "phpunit/phpunit": "^5.0 || ^4.8.10",
                "react/event-loop": "^0.4|^0.3",
                "react/promise": "^2.0|^1.0"
            },
            "suggest": {
                "react/event-loop": "^0.4",
                "react/promise": "^2.0"
            },
            "type": "library",
            "autoload": {
                "psr-4": {
                    "React\\Stream\\": "src"
                }
            },
            "notification-url": "https://packagist.org/downloads/",
            "license": [
                "MIT"
            ],
            "description": "Basic readable and writable stream interfaces that support piping.",
            "keywords": [
                "pipe",
                "stream"
            ],
            "support": {
                "issues": "https://github.com/reactphp/stream/issues",
                "source": "https://github.com/reactphp/stream/tree/v0.5.0"
            },
            "time": "2017-03-08T08:17:17+00:00"
        },
        {
            "name": "wyrihaximus/react-child-process-messenger",
            "version": "2.2.0",
            "source": {
                "type": "git",
                "url": "https://github.com/WyriHaximus/reactphp-child-process-messenger.git",
                "reference": "a8d31276b9a1f33d99ef07f294fc19e152210ed4"
            },
            "dist": {
                "type": "zip",
                "url": "https://api.github.com/repos/WyriHaximus/reactphp-child-process-messenger/zipball/a8d31276b9a1f33d99ef07f294fc19e152210ed4",
                "reference": "a8d31276b9a1f33d99ef07f294fc19e152210ed4",
                "shasum": ""
            },
            "require": {
                "doctrine/inflector": "^1.0",
                "indigophp/hash-compat": "^1.0",
                "php": ">=5.5.0",
                "react/child-process": "^0.4",
                "wyrihaximus/ticking-promise": "^1.4"
            },
            "require-dev": {
                "phake/phake": "^1.0.6",
                "phpunit/phpunit": "~4.0.0",
                "squizlabs/php_codesniffer": "^1.5",
                "vectorface/dunit": "^2.0"
            },
            "type": "library",
            "autoload": {
                "psr-4": {
                    "WyriHaximus\\React\\ChildProcess\\Messenger\\": "src/"
                }
            },
            "notification-url": "https://packagist.org/downloads/",
            "license": [
                "MIT"
            ],
            "authors": [
                {
                    "name": "Cees-Jan Kiewiet",
                    "email": "ceesjank@gmail.com",
                    "homepage": "http://wyrihaximus.net/"
                }
            ],
            "description": "Messenger decorator for react/child-process",
            "support": {
                "issues": "https://github.com/WyriHaximus/reactphp-child-process-messenger/issues",
                "source": "https://github.com/WyriHaximus/reactphp-child-process-messenger/tree/master"
            },
            "time": "2015-10-09T06:10:04+00:00"
        },
        {
            "name": "wyrihaximus/react-child-process-pool",
            "version": "1.0.0-alpha8",
            "source": {
                "type": "git",
                "url": "https://github.com/WyriHaximus/reactphp-child-process-pool.git",
                "reference": "6d140c3f4b3d4b316ee501f463c93990c0846c1f"
            },
            "dist": {
                "type": "zip",
                "url": "https://api.github.com/repos/WyriHaximus/reactphp-child-process-pool/zipball/6d140c3f4b3d4b316ee501f463c93990c0846c1f",
                "reference": "6d140c3f4b3d4b316ee501f463c93990c0846c1f",
                "shasum": ""
            },
            "require": {
                "evenement/evenement": "^2.0",
                "php": ">=5.5.0",
                "wyrihaximus/react-child-process-messenger": "^2.1",
                "wyrihaximus/ticking-promise": "^1.5"
            },
            "require-dev": {
                "phake/phake": "~1.0.6",
                "phpunit/phpunit": "~4.0.0",
                "squizlabs/php_codesniffer": "^1.5.6",
                "vectorface/dunit": "~2.0"
            },
            "type": "library",
            "autoload": {
                "psr-4": {
                    "WyriHaximus\\React\\ChildProcess\\Pool\\": "src/"
                }
            },
            "notification-url": "https://packagist.org/downloads/",
            "license": [
                "MIT"
            ],
            "authors": [
                {
                    "name": "Cees-Jan Kiewiet",
                    "email": "ceesjank@gmail.com"
                }
            ],
            "support": {
                "issues": "https://github.com/WyriHaximus/reactphp-child-process-pool/issues",
                "source": "https://github.com/WyriHaximus/reactphp-child-process-pool/tree/master"
            },
            "time": "2015-11-02T20:05:47+00:00"
        },
        {
            "name": "wyrihaximus/ticking-promise",
            "version": "1.6.1",
            "source": {
                "type": "git",
                "url": "https://github.com/WyriHaximus/TickingPromise.git",
                "reference": "8d26b1458e32c367ba6fb8ad5042046279acdb12"
            },
            "dist": {
                "type": "zip",
                "url": "https://api.github.com/repos/WyriHaximus/TickingPromise/zipball/8d26b1458e32c367ba6fb8ad5042046279acdb12",
                "reference": "8d26b1458e32c367ba6fb8ad5042046279acdb12",
                "shasum": ""
            },
            "require": {
                "react/event-loop": "^0.4",
                "react/promise": "~2.1"
            },
            "require-dev": {
                "phpunit/phpunit": "~4.4",
                "squizlabs/php_codesniffer": "^1.5.6",
                "vectorface/dunit": "~1.4"
            },
            "type": "library",
            "autoload": {
                "psr-4": {
                    "WyriHaximus\\React\\": "src/"
                },
                "files": [
                    "src/functions_include.php"
                ]
            },
            "notification-url": "https://packagist.org/downloads/",
            "license": [
                "MIT"
            ],
            "authors": [
                {
                    "name": "Cees-Jan Kiewiet",
                    "email": "ceesjank@gmail.com",
                    "homepage": "http://wyrihaximus.net/"
                }
            ],
            "description": "Wrapping ticks into a promise",
            "support": {
                "issues": "https://github.com/WyriHaximus/TickingPromise/issues",
                "source": "https://github.com/WyriHaximus/TickingPromise/tree/master"
            },
            "time": "2016-03-05T20:23:05+00:00"
        }
    ],
    "packages-dev": [],
    "aliases": [],
    "minimum-stability": "dev",
    "stability-flags": [],
    "prefer-stable": false,
    "prefer-lowest": false,
    "platform": [],
    "platform-dev": [],
    "plugin-api-version": "2.0.0"
}
